
Microsoft Visual Studio Solution File, Format Version 12.00
# Visual Studio 15
VisualStudioVersion = 15.0.28307.1231
MinimumVisualStudioVersion = 10.0.40219.1
Project("{FAE04EC0-301F-11D3-BF4B-00C04F79EFBC}") = "SimpleHardwareSensorsHttpServer", "SimpleHardwareSensorsHttpServer\SimpleHardwareSensorsHttpServer.csproj", "{020C9598-7953-4043-89BC-48F821EFD73E}"
	ProjectSection(ProjectDependencies) = postProject
		{E932B9DE-04BA-4244-88B0-AFA09FFB0FEE} = {E932B9DE-04BA-4244-88B0-AFA09FFB0FEE}
	EndProjectSection
EndProject
Project("{9A19103F-16F7-4668-BE54-9A1E7A4F7556}") = "LibreHardwareMonitorLib", "LibreHardwareMonitorLib\LibreHardwareMonitorLib.csproj", "{E932B9DE-04BA-4244-88B0-AFA09FFB0FEE}"
EndProject
Global
	GlobalSection(SolutionConfigurationPlatforms) = preSolution
		Debug|Any CPU = Debug|Any CPU
		Release|Any CPU = Release|Any CPU
	EndGlobalSection
	GlobalSection(ProjectConfigurationPlatforms) = postSolution
		{020C9598-7953-4043-89BC-48F821EFD73E}.Debug|Any CPU.ActiveCfg = Debug|Any CPU
		{020C9598-7953-4043-89BC-48F821EFD73E}.Debug|Any CPU.Build.0 = Debug|Any CPU
		{020C9598-7953-4043-89BC-48F821EFD73E}.Release|Any CPU.ActiveCfg = Release|Any CPU
		{020C9598-7953-4043-89BC-48F821EFD73E}.Release|Any CPU.Build.0 = Release|Any CPU
		{E932B9DE-04BA-4244-88B0-AFA09FFB0FEE}.Debug|Any CPU.ActiveCfg = Debug|Any CPU
		{E932B9DE-04BA-4244-88B0-AFA09FFB0FEE}.Debug|Any CPU.Build.0 = Debug|Any CPU
		{E932B9DE-04BA-4244-88B0-AFA09FFB0FEE}.Release|Any CPU.ActiveCfg = Release|Any CPU
		{E932B9DE-04BA-4244-88B0-AFA09FFB0FEE}.Release|Any CPU.Build.0 = Release|Any CPU
	EndGlobalSection
	GlobalSection(SolutionProperties) = preSolution
		HideSolutionNode = FALSE
	EndGlobalSection
	GlobalSection(ExtensibilityGlobals) = postSolution
		SolutionGuid = {DED86BD3-D8ED-4EF8-BE06-FDF1E38965EC}
	EndGlobalSection
EndGlobal
